
Microsoft Visual Studio Solution File, Format Version 12.00
# Visual Studio Version 17
VisualStudioVersion = 17.5.33627.172
MinimumVisualStudioVersion = 10.0.40219.1
Project("{FAE04EC0-301F-11D3-BF4B-00C04F79EFBC}") = "book", "book\book.csproj", "{8EE352AE-820C-466E-913F-594C8F6E26FF}"
EndProject
Project("{2150E333-8FDC-42A3-9474-1A3956D46DE8}") = "解决方案项", "解决方案项", "{5473CD0A-8B2F-4BA4-AC5B-A023601BFCEC}"
	ProjectSection(SolutionItems) = preProject
		Rinfo_update.cs = Rinfo_update.cs
	EndProjectSection
EndProject
Global
	GlobalSection(SolutionConfigurationPlatforms) = preSolution
		Debug|Any CPU = Debug|Any CPU
		Release|Any CPU = Release|Any CPU
	EndGlobalSection
	GlobalSection(ProjectConfigurationPlatforms) = postSolution
		{8EE352AE-820C-466E-913F-594C8F6E26FF}.Debug|Any CPU.ActiveCfg = Debug|Any CPU
		{8EE352AE-820C-466E-913F-594C8F6E26FF}.Debug|Any CPU.Build.0 = Debug|Any CPU
		{8EE352AE-820C-466E-913F-594C8F6E26FF}.Release|Any CPU.ActiveCfg = Release|Any CPU
		{8EE352AE-820C-466E-913F-594C8F6E26FF}.Release|Any CPU.Build.0 = Release|Any CPU
	EndGlobalSection
	GlobalSection(SolutionProperties) = preSolution
		HideSolutionNode = FALSE
	EndGlobalSection
	GlobalSection(ExtensibilityGlobals) = postSolution
		SolutionGuid = {8E6E8548-723F-4D0F-B36F-CBA392F3F9A7}
	EndGlobalSection
EndGlobal
